
Microsoft Visual Studio Solution File, Format Version 12.00
# Visual Studio Version 17
VisualStudioVersion = 17.11.35208.52
MinimumVisualStudioVersion = 10.0.40219.1
Project("{FAE04EC0-301F-11D3-BF4B-00C04F79EFBC}") = "Zomato_OnlineOrders_Portal", "Zomato_OnlineOrders_Portal\Zomato_OnlineOrders_Portal.csproj", "{0D4F7CC8-3FA8-4436-AAF8-70A672D17CAF}"
EndProject
Project("{FAE04EC0-301F-11D3-BF4B-00C04F79EFBC}") = "Zomato_OnlineOrders_Portal.BussinessEntintes", "Zomato_OnlineOrders_Portal.BussinessEntintes\Zomato_OnlineOrders_Portal.BussinessEntintes.csproj", "{A97E3A2C-F450-48F4-A8AD-51A425F97FCB}"
EndProject
Project("{FAE04EC0-301F-11D3-BF4B-00C04F79EFBC}") = "Zomato_OnlineOrders_Portal.DBContext", "Zomato_OnlineOrders_Portal.DBContext\Zomato_OnlineOrders_Portal.DBContext.csproj", "{853B2C09-2F40-4D76-9748-656CE06A0A14}"
EndProject
Project("{FAE04EC0-301F-11D3-BF4B-00C04F79EFBC}") = "Zomato_OnlineOrders_Portal.ServiceLayer", "Zomato_OnlineOrders_Portal.ServiceLayer\Zomato_OnlineOrders_Portal.ServiceLayer.csproj", "{C64E0CBC-6D11-4C58-91A0-262360ED5F83}"
EndProject
Project("{FAE04EC0-301F-11D3-BF4B-00C04F79EFBC}") = "Zomato_OnlineOrders_Portal.RepositoryLayer", "Zomato_OnlineOrders_Portal.RepositoryLayer\Zomato_OnlineOrders_Portal.RepositoryLayer.csproj", "{3A6F8A1C-9D0D-4A63-A6B4-BBAE8F34C6CD}"
EndProject
Global
	GlobalSection(SolutionConfigurationPlatforms) = preSolution
		Debug|Any CPU = Debug|Any CPU
		Release|Any CPU = Release|Any CPU
	EndGlobalSection
	GlobalSection(ProjectConfigurationPlatforms) = postSolution
		{0D4F7CC8-3FA8-4436-AAF8-70A672D17CAF}.Debug|Any CPU.ActiveCfg = Debug|Any CPU
		{0D4F7CC8-3FA8-4436-AAF8-70A672D17CAF}.Debug|Any CPU.Build.0 = Debug|Any CPU
		{0D4F7CC8-3FA8-4436-AAF8-70A672D17CAF}.Release|Any CPU.ActiveCfg = Release|Any CPU
		{0D4F7CC8-3FA8-4436-AAF8-70A672D17CAF}.Release|Any CPU.Build.0 = Release|Any CPU
		{A97E3A2C-F450-48F4-A8AD-51A425F97FCB}.Debug|Any CPU.ActiveCfg = Debug|Any CPU
		{A97E3A2C-F450-48F4-A8AD-51A425F97FCB}.Debug|Any CPU.Build.0 = Debug|Any CPU
		{A97E3A2C-F450-48F4-A8AD-51A425F97FCB}.Release|Any CPU.ActiveCfg = Release|Any CPU
		{A97E3A2C-F450-48F4-A8AD-51A425F97FCB}.Release|Any CPU.Build.0 = Release|Any CPU
		{853B2C09-2F40-4D76-9748-656CE06A0A14}.Debug|Any CPU.ActiveCfg = Debug|Any CPU
		{853B2C09-2F40-4D76-9748-656CE06A0A14}.Debug|Any CPU.Build.0 = Debug|Any CPU
		{853B2C09-2F40-4D76-9748-656CE06A0A14}.Release|Any CPU.ActiveCfg = Release|Any CPU
		{853B2C09-2F40-4D76-9748-656CE06A0A14}.Release|Any CPU.Build.0 = Release|Any CPU
		{C64E0CBC-6D11-4C58-91A0-262360ED5F83}.Debug|Any CPU.ActiveCfg = Debug|Any CPU
		{C64E0CBC-6D11-4C58-91A0-262360ED5F83}.Debug|Any CPU.Build.0 = Debug|Any CPU
		{C64E0CBC-6D11-4C58-91A0-262360ED5F83}.Release|Any CPU.ActiveCfg = Release|Any CPU
		{C64E0CBC-6D11-4C58-91A0-262360ED5F83}.Release|Any CPU.Build.0 = Release|Any CPU
		{3A6F8A1C-9D0D-4A63-A6B4-BBAE8F34C6CD}.Debug|Any CPU.ActiveCfg = Debug|Any CPU
		{3A6F8A1C-9D0D-4A63-A6B4-BBAE8F34C6CD}.Debug|Any CPU.Build.0 = Debug|Any CPU
		{3A6F8A1C-9D0D-4A63-A6B4-BBAE8F34C6CD}.Release|Any CPU.ActiveCfg = Release|Any CPU
		{3A6F8A1C-9D0D-4A63-A6B4-BBAE8F34C6CD}.Release|Any CPU.Build.0 = Release|Any CPU
	EndGlobalSection
	GlobalSection(SolutionProperties) = preSolution
		HideSolutionNode = FALSE
	EndGlobalSection
	GlobalSection(ExtensibilityGlobals) = postSolution
		SolutionGuid = {437E4CA1-8332-4B7E-A5EF-18B062F79690}
	EndGlobalSection
EndGlobal
